
Microsoft Visual Studio Solution File, Format Version 12.00
# Visual Studio Version 17
VisualStudioVersion = 17.9.34622.214
MinimumVisualStudioVersion = 10.0.40219.1
Project("{FAE04EC0-301F-11D3-BF4B-00C04F79EFBC}") = "HomeWorkOtus1", "HomeWorkOtus1\HomeWorkOtus1.csproj", "{44B0FAE8-655D-47D4-81CF-C7E8A41F7ED6}"
EndProject
Global
	GlobalSection(SolutionConfigurationPlatforms) = preSolution
		Debug|Any CPU = Debug|Any CPU
		Release|Any CPU = Release|Any CPU
	EndGlobalSection
	GlobalSection(ProjectConfigurationPlatforms) = postSolution
		{44B0FAE8-655D-47D4-81CF-C7E8A41F7ED6}.Debug|Any CPU.ActiveCfg = Debug|Any CPU
		{44B0FAE8-655D-47D4-81CF-C7E8A41F7ED6}.Debug|Any CPU.Build.0 = Debug|Any CPU
		{44B0FAE8-655D-47D4-81CF-C7E8A41F7ED6}.Release|Any CPU.ActiveCfg = Release|Any CPU
		{44B0FAE8-655D-47D4-81CF-C7E8A41F7ED6}.Release|Any CPU.Build.0 = Release|Any CPU
	EndGlobalSection
	GlobalSection(SolutionProperties) = preSolution
		HideSolutionNode = FALSE
	EndGlobalSection
	GlobalSection(ExtensibilityGlobals) = postSolution
		SolutionGuid = {1A5DC4EA-1373-489B-A9EC-9897633EE68B}
	EndGlobalSection
EndGlobal
